// !$*UTF8*$!
{
	archiveVersion = 1;
	classes = {
	};
	objectVersion = 55;
	objects = {

/* Begin PBXBuildFile section */
		575644E028663F41002D801C /* AppDelegate.swift in Sources */ = {isa = PBXBuildFile; fileRef = 575644DF28663F41002D801C /* AppDelegate.swift */; };
		575644E228663F41002D801C /* SceneDelegate.swift in Sources */ = {isa = PBXBuildFile; fileRef = 575644E128663F41002D801C /* SceneDelegate.swift */; };
		575644E928663F43002D801C /* Assets.xcassets in Resources */ = {isa = PBXBuildFile; fileRef = 575644E828663F43002D801C /* Assets.xcassets */; };
		575644EC28663F43002D801C /* LaunchScreen.storyboard in Resources */ = {isa = PBXBuildFile; fileRef = 575644EA28663F43002D801C /* LaunchScreen.storyboard */; };
		575644F5286714BF002D801C /* SongListViewController.swift in Sources */ = {isa = PBXBuildFile; fileRef = 575644F4286714BF002D801C /* SongListViewController.swift */; };
		575644FA2867152B002D801C /* PlayerView.swift in Sources */ = {isa = PBXBuildFile; fileRef = 575644F92867152B002D801C /* PlayerView.swift */; };
		575644FC28671552002D801C /* SongItemView.swift in Sources */ = {isa = PBXBuildFile; fileRef = 575644FB28671552002D801C /* SongItemView.swift */; };
		575644FE28671561002D801C /* Song.swift in Sources */ = {isa = PBXBuildFile; fileRef = 575644FD28671561002D801C /* Song.swift */; };
		5756450028671578002D801C /* PlayerViewController.swift in Sources */ = {isa = PBXBuildFile; fileRef = 575644FF28671578002D801C /* PlayerViewController.swift */; };
		5756450328672811002D801C /* AppConstants.swift in Sources */ = {isa = PBXBuildFile; fileRef = 5756450228672811002D801C /* AppConstants.swift */; };
		57564506286729E9002D801C /* UIViewExtension.swift in Sources */ = {isa = PBXBuildFile; fileRef = 57564505286729E9002D801C /* UIViewExtension.swift */; };
		57564508286733B6002D801C /* PlayingNowView.swift in Sources */ = {isa = PBXBuildFile; fileRef = 57564507286733B6002D801C /* PlayingNowView.swift */; };
		575A0D09286790E70027DA99 /* SongListView.swift in Sources */ = {isa = PBXBuildFile; fileRef = 575A0D08286790E70027DA99 /* SongListView.swift */; };
/* End PBXBuildFile section */

/* Begin PBXFileReference section */
		575644DC28663F41002D801C /* 06 Audio Player.app */ = {isa = PBXFileReference; explicitFileType = wrapper.application; includeInIndex = 0; path = "06 Audio Player.app"; sourceTree = BUILT_PRODUCTS_DIR; };
		575644DF28663F41002D801C /* AppDelegate.swift */ = {isa = PBXFileReference; lastKnownFileType = sourcecode.swift; path = AppDelegate.swift; sourceTree = "<group>"; };
		575644E128663F41002D801C /* SceneDelegate.swift */ = {isa = PBXFileReference; lastKnownFileType = sourcecode.swift; path = SceneDelegate.swift; sourceTree = "<group>"; };
		575644E828663F43002D801C /* Assets.xcassets */ = {isa = PBXFileReference; lastKnownFileType = folder.assetcatalog; path = Assets.xcassets; sourceTree = "<group>"; };
		575644EB28663F43002D801C /* Base */ = {isa = PBXFileReference; lastKnownFileType = file.storyboard; name = Base; path = Base.lproj/LaunchScreen.storyboard; sourceTree = "<group>"; };
		575644ED28663F43002D801C /* Info.plist */ = {isa = PBXFileReference; lastKnownFileType = text.plist.xml; path = Info.plist; sourceTree = "<group>"; };
		575644F4286714BF002D801C /* SongListViewController.swift */ = {isa = PBXFileReference; lastKnownFileType = sourcecode.swift; path = SongListViewController.swift; sourceTree = "<group>"; };
		575644F92867152B002D801C /* PlayerView.swift */ = {isa = PBXFileReference; lastKnownFileType = sourcecode.swift; path = PlayerView.swift; sourceTree = "<group>"; };
		575644FB28671552002D801C /* SongItemView.swift */ = {isa = PBXFileReference; lastKnownFileType = sourcecode.swift; path = SongItemView.swift; sourceTree = "<group>"; };
		575644FD28671561002D801C /* Song.swift */ = {isa = PBXFileReference; lastKnownFileType = sourcecode.swift; path = Song.swift; sourceTree = "<group>"; };
		575644FF28671578002D801C /* PlayerViewController.swift */ = {isa = PBXFileReference; lastKnownFileType = sourcecode.swift; path = PlayerViewController.swift; sourceTree = "<group>"; };
		575645012867171D002D801C /* MyPlayground.playground */ = {isa = PBXFileReference; lastKnownFileType = file.playground; path = MyPlayground.playground; sourceTree = "<group>"; xcLanguageSpecificationIdentifier = xcode.lang.swift; };
		5756450228672811002D801C /* AppConstants.swift */ = {isa = PBXFileReference; lastKnownFileType = sourcecode.swift; path = AppConstants.swift; sourceTree = "<group>"; };
		57564505286729E9002D801C /* UIViewExtension.swift */ = {isa = PBXFileReference; lastKnownFileType = sourcecode.swift; path = UIViewExtension.swift; sourceTree = "<group>"; };
		57564507286733B6002D801C /* PlayingNowView.swift */ = {isa = PBXFileReference; lastKnownFileType = sourcecode.swift; path = PlayingNowView.swift; sourceTree = "<group>"; };
		575A0D08286790E70027DA99 /* SongListView.swift */ = {isa = PBXFileReference; lastKnownFileType = sourcecode.swift; path = SongListView.swift; sourceTree = "<group>"; };
/* End PBXFileReference section */

/* Begin PBXFrameworksBuildPhase section */
		575644D928663F41002D801C /* Frameworks */ = {
			isa = PBXFrameworksBuildPhase;
			buildActionMask = 2147483647;
			files = (
			);
			runOnlyForDeploymentPostprocessing = 0;
		};
/* End PBXFrameworksBuildPhase section */

/* Begin PBXGroup section */
		575644D328663F41002D801C = {
			isa = PBXGroup;
			children = (
				575644DE28663F41002D801C /* 06 Audio Player */,
				575644DD28663F41002D801C /* Products */,
			);
			sourceTree = "<group>";
		};
		575644DD28663F41002D801C /* Products */ = {
			isa = PBXGroup;
			children = (
				575644DC28663F41002D801C /* 06 Audio Player.app */,
			);
			name = Products;
			sourceTree = "<group>";
		};
		575644DE28663F41002D801C /* 06 Audio Player */ = {
			isa = PBXGroup;
			children = (
				575644DF28663F41002D801C /* AppDelegate.swift */,
				575644E128663F41002D801C /* SceneDelegate.swift */,
				575644F8286714F0002D801C /* ViewControllers */,
				575644F7286714E8002D801C /* Models */,
				575644F6286714E0002D801C /* Views */,
				57564504286729CF002D801C /* Extensions */,
				575644E828663F43002D801C /* Assets.xcassets */,
				575644EA28663F43002D801C /* LaunchScreen.storyboard */,
				575645012867171D002D801C /* MyPlayground.playground */,
				575644ED28663F43002D801C /* Info.plist */,
			);
			path = "06 Audio Player";
			sourceTree = "<group>";
		};
		575644F6286714E0002D801C /* Views */ = {
			isa = PBXGroup;
			children = (
				575A0D0A286838CA0027DA99 /* SongList */,
				57F1FE45286878BB005A2986 /* Player */,
			);
			path = Views;
			sourceTree = "<group>";
		};
		575644F7286714E8002D801C /* Models */ = {
			isa = PBXGroup;
			children = (
				575644FD28671561002D801C /* Song.swift */,
				5756450228672811002D801C /* AppConstants.swift */,
			);
			path = Models;
			sourceTree = "<group>";
		};
		575644F8286714F0002D801C /* ViewControllers */ = {
			isa = PBXGroup;
			children = (
				575644F4286714BF002D801C /* SongListViewController.swift */,
				575644FF28671578002D801C /* PlayerViewController.swift */,
			);
			path = ViewControllers;
			sourceTree = "<group>";
		};
		57564504286729CF002D801C /* Extensions */ = {
			isa = PBXGroup;
			children = (
				57564505286729E9002D801C /* UIViewExtension.swift */,
			);
			path = Extensions;
			sourceTree = "<group>";
		};
		575A0D0A286838CA0027DA99 /* SongList */ = {
			isa = PBXGroup;
			children = (
				575A0D08286790E70027DA99 /* SongListView.swift */,
				575644FB28671552002D801C /* SongItemView.swift */,
				57564507286733B6002D801C /* PlayingNowView.swift */,
			);
			path = SongList;
			sourceTree = "<group>";
		};
		57F1FE45286878BB005A2986 /* Player */ = {
			isa = PBXGroup;
			children = (
				575644F92867152B002D801C /* PlayerView.swift */,
			);
			path = Player;
			sourceTree = "<group>";
		};
/* End PBXGroup section */

/* Begin PBXNativeTarget section */
		575644DB28663F41002D801C /* 06 Audio Player */ = {
			isa = PBXNativeTarget;
			buildConfigurationList = 575644F028663F43002D801C /* Build configuration list for PBXNativeTarget "06 Audio Player" */;
			buildPhases = (
				575644F328663F78002D801C /* ShellScript */,
				575644D828663F41002D801C /* Sources */,
				575644D928663F41002D801C /* Frameworks */,
				575644DA28663F41002D801C /* Resources */,
			);
			buildRules = (
			);
			dependencies = (
			);
			name = "06 Audio Player";
			productName = "06 Audio Player";
			productReference = 575644DC28663F41002D801C /* 06 Audio Player.app */;
			productType = "com.apple.product-type.application";
		};
/* End PBXNativeTarget section */

/* Begin PBXProject section */
		575644D428663F41002D801C /* Project object */ = {
			isa = PBXProject;
			attributes = {
				BuildIndependentTargetsInParallel = 1;
				LastSwiftUpdateCheck = 1340;
				LastUpgradeCheck = 1340;
				TargetAttributes = {
					575644DB28663F41002D801C = {
						CreatedOnToolsVersion = 13.4;
					};
				};
			};
			buildConfigurationList = 575644D728663F41002D801C /* Build configuration list for PBXProject "06 Audio Player" */;
			compatibilityVersion = "Xcode 13.0";
			developmentRegion = en;
			hasScannedForEncodings = 0;
			knownRegions = (
				en,
				Base,
			);
			mainGroup = 575644D328663F41002D801C;
			productRefGroup = 575644DD28663F41002D801C /* Products */;
			projectDirPath = "";
			projectRoot = "";
			targets = (
				575644DB28663F41002D801C /* 06 Audio Player */,
			);
		};
/* End PBXProject section */

/* Begin PBXResourcesBuildPhase section */
		575644DA28663F41002D801C /* Resources */ = {
			isa = PBXResourcesBuildPhase;
			buildActionMask = 2147483647;
			files = (
				575644EC28663F43002D801C /* LaunchScreen.storyboard in Resources */,
				575644E928663F43002D801C /* Assets.xcassets in Resources */,
			);
			runOnlyForDeploymentPostprocessing = 0;
		};
/* End PBXResourcesBuildPhase section */

/* Begin PBXShellScriptBuildPhase section */
		575644F328663F78002D801C /* ShellScript */ = {
			isa = PBXShellScriptBuildPhase;
			buildActionMask = 2147483647;
			files = (
			);
			inputFileListPaths = (
			);
			inputPaths = (
			);
			outputFileListPaths = (
			);
			outputPaths = (
			);
			runOnlyForDeploymentPostprocessing = 0;
			shellPath = /bin/sh;
			shellScript = "export PATH=\"$PATH:/opt/homebrew/bin\"\nif which swiftlint > /dev/null; then\n  swiftlint\nelse\n  echo \"warning: SwiftLint not installed, download from https://github.com/realm/SwiftLint\"\nfi\n";
		};
/* End PBXShellScriptBuildPhase section */

/* Begin PBXSourcesBuildPhase section */
		575644D828663F41002D801C /* Sources */ = {
			isa = PBXSourcesBuildPhase;
			buildActionMask = 2147483647;
			files = (
				575644FE28671561002D801C /* Song.swift in Sources */,
				57564508286733B6002D801C /* PlayingNowView.swift in Sources */,
				575644E028663F41002D801C /* AppDelegate.swift in Sources */,
				575644E228663F41002D801C /* SceneDelegate.swift in Sources */,
				5756450328672811002D801C /* AppConstants.swift in Sources */,
				5756450028671578002D801C /* PlayerViewController.swift in Sources */,
				575644F5286714BF002D801C /* SongListViewController.swift in Sources */,
				57564506286729E9002D801C /* UIViewExtension.swift in Sources */,
				575A0D09286790E70027DA99 /* SongListView.swift in Sources */,
				575644FA2867152B002D801C /* PlayerView.swift in Sources */,
				575644FC28671552002D801C /* SongItemView.swift in Sources */,
			);
			runOnlyForDeploymentPostprocessing = 0;
		};
/* End PBXSourcesBuildPhase section */

/* Begin PBXVariantGroup section */
		575644EA28663F43002D801C /* LaunchScreen.storyboard */ = {
			isa = PBXVariantGroup;
			children = (
				575644EB28663F43002D801C /* Base */,
			);
			name = LaunchScreen.storyboard;
			sourceTree = "<group>";
		};
/* End PBXVariantGroup section */

/* Begin XCBuildConfiguration section */
		575644EE28663F43002D801C /* Debug */ = {
			isa = XCBuildConfiguration;
			buildSettings = {
				ALWAYS_SEARCH_USER_PATHS = NO;
				CLANG_ANALYZER_NONNULL = YES;
				CLANG_ANALYZER_NUMBER_OBJECT_CONVERSION = YES_AGGRESSIVE;
				CLANG_CXX_LANGUAGE_STANDARD = "gnu++17";
				CLANG_ENABLE_MODULES = YES;
				CLANG_ENABLE_OBJC_ARC = YES;
				CLANG_ENABLE_OBJC_WEAK = YES;
				CLANG_WARN_BLOCK_CAPTURE_AUTORELEASING = YES;
				CLANG_WARN_BOOL_CONVERSION = YES;
				CLANG_WARN_COMMA = YES;
				CLANG_WARN_CONSTANT_CONVERSION = YES;
				CLANG_WARN_DEPRECATED_OBJC_IMPLEMENTATIONS = YES;
				CLANG_WARN_DIRECT_OBJC_ISA_USAGE = YES_ERROR;
				CLANG_WARN_DOCUMENTATION_COMMENTS = YES;
				CLANG_WARN_EMPTY_BODY = YES;
				CLANG_WARN_ENUM_CONVERSION = YES;
				CLANG_WARN_INFINITE_RECURSION = YES;
				CLANG_WARN_INT_CONVERSION = YES;
				CLANG_WARN_NON_LITERAL_NULL_CONVERSION = YES;
				CLANG_WARN_OBJC_IMPLICIT_RETAIN_SELF = YES;
				CLANG_WARN_OBJC_LITERAL_CONVERSION = YES;
				CLANG_WARN_OBJC_ROOT_CLASS = YES_ERROR;
				CLANG_WARN_QUOTED_INCLUDE_IN_FRAMEWORK_HEADER = YES;
				CLANG_WARN_RANGE_LOOP_ANALYSIS = YES;
				CLANG_WARN_STRICT_PROTOTYPES = YES;
				CLANG_WARN_SUSPICIOUS_MOVE = YES;
				CLANG_WARN_UNGUARDED_AVAILABILITY = YES_AGGRESSIVE;
				CLANG_WARN_UNREACHABLE_CODE = YES;
				CLANG_WARN__DUPLICATE_METHOD_MATCH = YES;
				COPY_PHASE_STRIP = NO;
				DEBUG_INFORMATION_FORMAT = dwarf;
				ENABLE_STRICT_OBJC_MSGSEND = YES;
				ENABLE_TESTABILITY = YES;
				GCC_C_LANGUAGE_STANDARD = gnu11;
				GCC_DYNAMIC_NO_PIC = NO;
				GCC_NO_COMMON_BLOCKS = YES;
				GCC_OPTIMIZATION_LEVEL = 0;
				GCC_PREPROCESSOR_DEFINITIONS = (
					"DEBUG=1",
					"$(inherited)",
				);
				GCC_WARN_64_TO_32_BIT_CONVERSION = YES;
				GCC_WARN_ABOUT_RETURN_TYPE = YES_ERROR;
				GCC_WARN_UNDECLARED_SELECTOR = YES;
				GCC_WARN_UNINITIALIZED_AUTOS = YES_AGGRESSIVE;
				GCC_WARN_UNUSED_FUNCTION = YES;
				GCC_WARN_UNUSED_VARIABLE = YES;
				IPHONEOS_DEPLOYMENT_TARGET = 15.5;
				MTL_ENABLE_DEBUG_INFO = INCLUDE_SOURCE;
				MTL_FAST_MATH = YES;
				ONLY_ACTIVE_ARCH = YES;
				SDKROOT = iphoneos;
				SWIFT_ACTIVE_COMPILATION_CONDITIONS = DEBUG;
				SWIFT_OPTIMIZATION_LEVEL = "-Onone";
			};
			name = Debug;
		};
		575644EF28663F43002D801C /* Release */ = {
			isa = XCBuildConfiguration;
			buildSettings = {
				ALWAYS_SEARCH_USER_PATHS = NO;
				CLANG_ANALYZER_NONNULL = YES;
				CLANG_ANALYZER_NUMBER_OBJECT_CONVERSION = YES_AGGRESSIVE;
				CLANG_CXX_LANGUAGE_STANDARD = "gnu++17";
				CLANG_ENABLE_MODULES = YES;
				CLANG_ENABLE_OBJC_ARC = YES;
				CLANG_ENABLE_OBJC_WEAK = YES;
				CLANG_WARN_BLOCK_CAPTURE_AUTORELEASING = YES;
				CLANG_WARN_BOOL_CONVERSION = YES;
				CLANG_WARN_COMMA = YES;
				CLANG_WARN_CONSTANT_CONVERSION = YES;
				CLANG_WARN_DEPRECATED_OBJC_IMPLEMENTATIONS = YES;
				CLANG_WARN_DIRECT_OBJC_ISA_USAGE = YES_ERROR;
				CLANG_WARN_DOCUMENTATION_COMMENTS = YES;
				CLANG_WARN_EMPTY_BODY = YES;
				CLANG_WARN_ENUM_CONVERSION = YES;
				CLANG_WARN_INFINITE_RECURSION = YES;
				CLANG_WARN_INT_CONVERSION = YES;
				CLANG_WARN_NON_LITERAL_NULL_CONVERSION = YES;
				CLANG_WARN_OBJC_IMPLICIT_RETAIN_SELF = YES;
				CLANG_WARN_OBJC_LITERAL_CONVERSION = YES;
				CLANG_WARN_OBJC_ROOT_CLASS = YES_ERROR;
				CLANG_WARN_QUOTED_INCLUDE_IN_FRAMEWORK_HEADER = YES;
				CLANG_WARN_RANGE_LOOP_ANALYSIS = YES;
				CLANG_WARN_STRICT_PROTOTYPES = YES;
				CLANG_WARN_SUSPICIOUS_MOVE = YES;
				CLANG_WARN_UNGUARDED_AVAILABILITY = YES_AGGRESSIVE;
				CLANG_WARN_UNREACHABLE_CODE = YES;
				CLANG_WARN__DUPLICATE_METHOD_MATCH = YES;
				COPY_PHASE_STRIP = NO;
				DEBUG_INFORMATION_FORMAT = "dwarf-with-dsym";
				ENABLE_NS_ASSERTIONS = NO;
				ENABLE_STRICT_OBJC_MSGSEND = YES;
				GCC_C_LANGUAGE_STANDARD = gnu11;
				GCC_NO_COMMON_BLOCKS = YES;
				GCC_WARN_64_TO_32_BIT_CONVERSION = YES;
				GCC_WARN_ABOUT_RETURN_TYPE = YES_ERROR;
				GCC_WARN_UNDECLARED_SELECTOR = YES;
				GCC_WARN_UNINITIALIZED_AUTOS = YES_AGGRESSIVE;
				GCC_WARN_UNUSED_FUNCTION = YES;
				GCC_WARN_UNUSED_VARIABLE = YES;
				IPHONEOS_DEPLOYMENT_TARGET = 15.5;
				MTL_ENABLE_DEBUG_INFO = NO;
				MTL_FAST_MATH = YES;
				SDKROOT = iphoneos;
				SWIFT_COMPILATION_MODE = wholemodule;
				SWIFT_OPTIMIZATION_LEVEL = "-O";
				VALIDATE_PRODUCT = YES;
			};
			name = Release;
		};
		575644F128663F43002D801C /* Debug */ = {
			isa = XCBuildConfiguration;
			buildSettings = {
				ASSETCATALOG_COMPILER_APPICON_NAME = AppIcon;
				ASSETCATALOG_COMPILER_GLOBAL_ACCENT_COLOR_NAME = AccentColor;
				CODE_SIGN_STYLE = Automatic;
				CURRENT_PROJECT_VERSION = 1;
				DEVELOPMENT_TEAM = P3BYVBK57Z;
				GENERATE_INFOPLIST_FILE = YES;
				INFOPLIST_FILE = "06 Audio Player/Info.plist";
				INFOPLIST_KEY_CFBundleDisplayName = "Audio Player";
				INFOPLIST_KEY_UIApplicationSupportsIndirectInputEvents = YES;
				INFOPLIST_KEY_UILaunchStoryboardName = LaunchScreen;
				INFOPLIST_KEY_UISupportedInterfaceOrientations_iPhone = UIInterfaceOrientationPortrait;
				LD_RUNPATH_SEARCH_PATHS = (
					"$(inherited)",
					"@executable_path/Frameworks",
				);
				MARKETING_VERSION = 1.0;
				PRODUCT_BUNDLE_IDENTIFIER = "ios.biiak.-6-Audio-Player";
				PRODUCT_NAME = "$(TARGET_NAME)";
				SWIFT_EMIT_LOC_STRINGS = YES;
				SWIFT_VERSION = 5.0;
				TARGETED_DEVICE_FAMILY = 1;
			};
			name = Debug;
		};
		575644F228663F43002D801C /* Release */ = {
			isa = XCBuildConfiguration;
			buildSettings = {
				ASSETCATALOG_COMPILER_APPICON_NAME = AppIcon;
				ASSETCATALOG_COMPILER_GLOBAL_ACCENT_COLOR_NAME = AccentColor;
				CODE_SIGN_STYLE = Automatic;
				CURRENT_PROJECT_VERSION = 1;
				DEVELOPMENT_TEAM = P3BYVBK57Z;
				GENERATE_INFOPLIST_FILE = YES;
				INFOPLIST_FILE = "06 Audio Player/Info.plist";
				INFOPLIST_KEY_CFBundleDisplayName = "Audio Player";
				INFOPLIST_KEY_UIApplicationSupportsIndirectInputEvents = YES;
				INFOPLIST_KEY_UILaunchStoryboardName = LaunchScreen;
				INFOPLIST_KEY_UISupportedInterfaceOrientations_iPhone = UIInterfaceOrientationPortrait;
				LD_RUNPATH_SEARCH_PATHS = (
					"$(inherited)",
					"@executable_path/Frameworks",
				);
				MARKETING_VERSION = 1.0;
				PRODUCT_BUNDLE_IDENTIFIER = "ios.biiak.-6-Audio-Player";
				PRODUCT_NAME = "$(TARGET_NAME)";
				SWIFT_EMIT_LOC_STRINGS = YES;
				SWIFT_VERSION = 5.0;
				TARGETED_DEVICE_FAMILY = 1;
			};
			name = Release;
		};
/* End XCBuildConfiguration section */

/* Begin XCConfigurationList section */
		575644D728663F41002D801C /* Build configuration list for PBXProject "06 Audio Player" */ = {
			isa = XCConfigurationList;
			buildConfigurations = (
				575644EE28663F43002D801C /* Debug */,
				575644EF28663F43002D801C /* Release */,
			);
			defaultConfigurationIsVisible = 0;
			defaultConfigurationName = Release;
		};
		575644F028663F43002D801C /* Build configuration list for PBXNativeTarget "06 Audio Player" */ = {
			isa = XCConfigurationList;
			buildConfigurations = (
				575644F128663F43002D801C /* Debug */,
				575644F228663F43002D801C /* Release */,
			);
			defaultConfigurationIsVisible = 0;
			defaultConfigurationName = Release;
		};
/* End XCConfigurationList section */
	};
	rootObject = 575644D428663F41002D801C /* Project object */;
}
