// !$*UTF8*$!
{
	archiveVersion = 1;
	classes = {
	};
	objectVersion = 55;
	objects = {

/* Begin PBXBuildFile section */
		575644E028663F41002D801C /* AppDelegate.swift in Sources */ = {isa = PBXBuildFile; fileRef = 575644DF28663F41002D801C /* AppDelegate.swift */; };
		575644E228663F41002D801C /* SceneDelegate.swift in Sources */ = {isa = PBXBuildFile; fileRef = 575644E128663F41002D801C /* SceneDelegate.swift */; };
		575644E928663F43002D801C /* Assets.xcassets in Resources */ = {isa = PBXBuildFile; fileRef = 575644E828663F43002D801C /* Assets.xcassets */; };
		575644EC28663F43002D801C /* LaunchScreen.storyboard in Resources */ = {isa = PBXBuildFile; fileRef = 575644EA28663F43002D801C /* LaunchScreen.storyboard */; };
		575644F5286714BF002D801C /* PlaylistViewController.swift in Sources */ = {isa = PBXBuildFile; fileRef = 575644F4286714BF002D801C /* PlaylistViewController.swift */; };
		575644FA2867152B002D801C /* PlayerView.swift in Sources */ = {isa = PBXBuildFile; fileRef = 575644F92867152B002D801C /* PlayerView.swift */; };
		575644FC28671552002D801C /* SongItemView.swift in Sources */ = {isa = PBXBuildFile; fileRef = 575644FB28671552002D801C /* SongItemView.swift */; };
		575644FE28671561002D801C /* Song.swift in Sources */ = {isa = PBXBuildFile; fileRef = 575644FD28671561002D801C /* Song.swift */; };
		5756450028671578002D801C /* PlayerViewController.swift in Sources */ = {isa = PBXBuildFile; fileRef = 575644FF28671578002D801C /* PlayerViewController.swift */; };
		5756450328672811002D801C /* AppConstants.swift in Sources */ = {isa = PBXBuildFile; fileRef = 5756450228672811002D801C /* AppConstants.swift */; };
		57564506286729E9002D801C /* UIViewExtension.swift in Sources */ = {isa = PBXBuildFile; fileRef = 57564505286729E9002D801C /* UIViewExtension.swift */; };
		57564508286733B6002D801C /* PlayingNowView.swift in Sources */ = {isa = PBXBuildFile; fileRef = 57564507286733B6002D801C /* PlayingNowView.swift */; };
		575A0D09286790E70027DA99 /* SongScrollView.swift in Sources */ = {isa = PBXBuildFile; fileRef = 575A0D08286790E70027DA99 /* SongScrollView.swift */; };
		575ABEC6286F7110005310B6 /* Storage.swift in Sources */ = {isa = PBXBuildFile; fileRef = 575ABEC5286F7110005310B6 /* Storage.swift */; };
		575ABEC8287068EE005310B6 /* PlaylistView.swift in Sources */ = {isa = PBXBuildFile; fileRef = 575ABEC7287068EE005310B6 /* PlaylistView.swift */; };
		57F1FE892869D58F005A2986 /* ismael-olaf-back-to-you.mp3 in Resources */ = {isa = PBXBuildFile; fileRef = 57F1FE792869D58F005A2986 /* ismael-olaf-back-to-you.mp3 */; };
		57F1FE8A2869D58F005A2986 /* doja-cat-vegas.mp3 in Resources */ = {isa = PBXBuildFile; fileRef = 57F1FE7A2869D58F005A2986 /* doja-cat-vegas.mp3 */; };
		57F1FE8B2869D58F005A2986 /* sam-smith-love-me-more.mp3 in Resources */ = {isa = PBXBuildFile; fileRef = 57F1FE7B2869D58F005A2986 /* sam-smith-love-me-more.mp3 */; };
		57F1FE8C2869D58F005A2986 /* tom_odell_-_another_love.mp3 in Resources */ = {isa = PBXBuildFile; fileRef = 57F1FE7C2869D58F005A2986 /* tom_odell_-_another_love.mp3 */; };
		57F1FE8D2869D58F005A2986 /* boywithuke-understand.mp3 in Resources */ = {isa = PBXBuildFile; fileRef = 57F1FE7D2869D58F005A2986 /* boywithuke-understand.mp3 */; };
		57F1FE8E2869D58F005A2986 /* goko-ldwbitc.mp3 in Resources */ = {isa = PBXBuildFile; fileRef = 57F1FE7E2869D58F005A2986 /* goko-ldwbitc.mp3 */; };
		57F1FE8F2869D58F005A2986 /* dani-corbalan-check-the-clock.mp3 in Resources */ = {isa = PBXBuildFile; fileRef = 57F1FE7F2869D58F005A2986 /* dani-corbalan-check-the-clock.mp3 */; };
		57F1FE902869D58F005A2986 /* dr_-alban-feat_-whitney-peyton-change-i-have-a-dream.mp3 in Resources */ = {isa = PBXBuildFile; fileRef = 57F1FE802869D58F005A2986 /* dr_-alban-feat_-whitney-peyton-change-i-have-a-dream.mp3 */; };
		57F1FE912869D58F005A2986 /* goya-menor-feat_-nektunez-ameno-amapiano-you-wanna-bamba-david-guetta-remix.mp3 in Resources */ = {isa = PBXBuildFile; fileRef = 57F1FE812869D58F005A2986 /* goya-menor-feat_-nektunez-ameno-amapiano-you-wanna-bamba-david-guetta-remix.mp3 */; };
		57F1FE922869D58F005A2986 /* tiesto-feat_-deorro-savage.mp3 in Resources */ = {isa = PBXBuildFile; fileRef = 57F1FE822869D58F005A2986 /* tiesto-feat_-deorro-savage.mp3 */; };
		57F1FE932869D58F005A2986 /* maneskin-supermodel.mp3 in Resources */ = {isa = PBXBuildFile; fileRef = 57F1FE832869D58F005A2986 /* maneskin-supermodel.mp3 */; };
		57F1FE942869D58F005A2986 /* d3ma-feat_-thatsimo-timmy-commerford-infinity.mp3 in Resources */ = {isa = PBXBuildFile; fileRef = 57F1FE842869D58F005A2986 /* d3ma-feat_-thatsimo-timmy-commerford-infinity.mp3 */; };
		57F1FE952869D58F005A2986 /* jack-harlow-dua-lipa.mp3 in Resources */ = {isa = PBXBuildFile; fileRef = 57F1FE852869D58F005A2986 /* jack-harlow-dua-lipa.mp3 */; };
		57F1FE962869D58F005A2986 /* oliver-tree-i-hate-you.mp3 in Resources */ = {isa = PBXBuildFile; fileRef = 57F1FE862869D58F005A2986 /* oliver-tree-i-hate-you.mp3 */; };
		57F1FE972869D58F005A2986 /* onerepublic-i-aint-worried.mp3 in Resources */ = {isa = PBXBuildFile; fileRef = 57F1FE872869D58F005A2986 /* onerepublic-i-aint-worried.mp3 */; };
		57F1FE982869D58F005A2986 /* juno-feat_-mira-toata-noaptea.mp3 in Resources */ = {isa = PBXBuildFile; fileRef = 57F1FE882869D58F005A2986 /* juno-feat_-mira-toata-noaptea.mp3 */; };
		57F1FE9D2869D5E2005A2986 /* rihanna-diamonds(mp3bit.cc).mp3 in Resources */ = {isa = PBXBuildFile; fileRef = 57F1FE9A2869D5E2005A2986 /* rihanna-diamonds(mp3bit.cc).mp3 */; };
		57F1FE9E2869D5E2005A2986 /* only-love-can-hurt-like-this-paloma-faith(mp3bit.cc).mp3 in Resources */ = {isa = PBXBuildFile; fileRef = 57F1FE9B2869D5E2005A2986 /* only-love-can-hurt-like-this-paloma-faith(mp3bit.cc).mp3 */; };
		57F1FEA22869D671005A2986 /* the-weeknd-call-out-my-name(mp3bit.cc).mp3 in Resources */ = {isa = PBXBuildFile; fileRef = 57F1FE9F2869D670005A2986 /* the-weeknd-call-out-my-name(mp3bit.cc).mp3 */; };
		57F1FEA42869D671005A2986 /* BTS - Moon.mp3 in Resources */ = {isa = PBXBuildFile; fileRef = 57F1FEA12869D670005A2986 /* BTS - Moon.mp3 */; };
		57F1FEA82869D6AF005A2986 /* imagine-dragons-bones.mp3 in Resources */ = {isa = PBXBuildFile; fileRef = 57F1FEA52869D6AF005A2986 /* imagine-dragons-bones.mp3 */; };
		57F1FEA92869D6AF005A2986 /* Farruko - Pepas.mp3 in Resources */ = {isa = PBXBuildFile; fileRef = 57F1FEA62869D6AF005A2986 /* Farruko - Pepas.mp3 */; };
		57F1FEAA2869D6AF005A2986 /* Black Eyed Peas, Shakira, David Guetta - Don't You Worry_[mp3mob.net].mp3 in Resources */ = {isa = PBXBuildFile; fileRef = 57F1FEA72869D6AF005A2986 /* Black Eyed Peas, Shakira, David Guetta - Don't You Worry_[mp3mob.net].mp3 */; };
		57F1FEAE2869D6CD005A2986 /* Elley Duhé - MIDDLE OF THE NIGHT.mp3 in Resources */ = {isa = PBXBuildFile; fileRef = 57F1FEAB2869D6CD005A2986 /* Elley Duhé - MIDDLE OF THE NIGHT.mp3 */; };
		57F1FEAF2869D6CD005A2986 /* Beyoncé - Break My Soul.mp3 in Resources */ = {isa = PBXBuildFile; fileRef = 57F1FEAC2869D6CD005A2986 /* Beyoncé - Break My Soul.mp3 */; };
		57F1FEB02869D6CD005A2986 /* James Hype, Miggy Dela Rosa - Ferrari.mp3 in Resources */ = {isa = PBXBuildFile; fileRef = 57F1FEAD2869D6CD005A2986 /* James Hype, Miggy Dela Rosa - Ferrari.mp3 */; };
		57F1FEB52869D6E9005A2986 /* lady-gaga-hold-my-hand.mp3 in Resources */ = {isa = PBXBuildFile; fileRef = 57F1FEB12869D6E9005A2986 /* lady-gaga-hold-my-hand.mp3 */; };
		57F1FEB82869D6E9005A2986 /* lizzo-about-damn-time.mp3 in Resources */ = {isa = PBXBuildFile; fileRef = 57F1FEB42869D6E9005A2986 /* lizzo-about-damn-time.mp3 */; };
		57F1FEC12869D70D005A2986 /* misty_-_desert_rose_muzati.net.mp3 in Resources */ = {isa = PBXBuildFile; fileRef = 57F1FEB92869D70D005A2986 /* misty_-_desert_rose_muzati.net.mp3 */; };
		57F1FEC22869D70D005A2986 /* hiti_2022_-_imanbek__byor_-_belly_dancer_(z2.fm).mp3 in Resources */ = {isa = PBXBuildFile; fileRef = 57F1FEBA2869D70D005A2986 /* hiti_2022_-_imanbek__byor_-_belly_dancer_(z2.fm).mp3 */; };
		57F1FEC32869D70D005A2986 /* melisa_-_im_alone_(feat._tommo)_muzati.net.mp3 in Resources */ = {isa = PBXBuildFile; fileRef = 57F1FEBB2869D70D005A2986 /* melisa_-_im_alone_(feat._tommo)_muzati.net.mp3 */; };
		57F1FEC42869D70D005A2986 /* inna_-_cola_song_(feat._j_balvin)_muzati.net.mp3 in Resources */ = {isa = PBXBuildFile; fileRef = 57F1FEBC2869D70D005A2986 /* inna_-_cola_song_(feat._j_balvin)_muzati.net.mp3 */; };
		57F1FEC52869D70D005A2986 /* mike_posner_-_i_took_a_pill_in_ibiza_(seeb_remix)_muzati.net.mp3 in Resources */ = {isa = PBXBuildFile; fileRef = 57F1FEBD2869D70D005A2986 /* mike_posner_-_i_took_a_pill_in_ibiza_(seeb_remix)_muzati.net.mp3 */; };
		57F1FEC62869D70D005A2986 /* purple_disco_machine_-_in_the_dark_(feat._sophie_and_the_giants)_muzati.net.mp3 in Resources */ = {isa = PBXBuildFile; fileRef = 57F1FEBE2869D70D005A2986 /* purple_disco_machine_-_in_the_dark_(feat._sophie_and_the_giants)_muzati.net.mp3 */; };
		57F1FEC72869D70D005A2986 /* silent_circle_-_touch_in_the_night_(crash_version)_muzati.net.mp3 in Resources */ = {isa = PBXBuildFile; fileRef = 57F1FEBF2869D70D005A2986 /* silent_circle_-_touch_in_the_night_(crash_version)_muzati.net.mp3 */; };
		57F1FEC82869D70D005A2986 /* Harry Styles - As It Was.mp3 in Resources */ = {isa = PBXBuildFile; fileRef = 57F1FEC02869D70D005A2986 /* Harry Styles - As It Was.mp3 */; };
		57F1FECA2869FA42005A2986 /* AudioPlayer.swift in Sources */ = {isa = PBXBuildFile; fileRef = 57F1FEC92869FA42005A2986 /* AudioPlayer.swift */; };
/* End PBXBuildFile section */

/* Begin PBXFileReference section */
		575644DC28663F41002D801C /* 06 Audio Player.app */ = {isa = PBXFileReference; explicitFileType = wrapper.application; includeInIndex = 0; path = "06 Audio Player.app"; sourceTree = BUILT_PRODUCTS_DIR; };
		575644DF28663F41002D801C /* AppDelegate.swift */ = {isa = PBXFileReference; lastKnownFileType = sourcecode.swift; path = AppDelegate.swift; sourceTree = "<group>"; };
		575644E128663F41002D801C /* SceneDelegate.swift */ = {isa = PBXFileReference; lastKnownFileType = sourcecode.swift; path = SceneDelegate.swift; sourceTree = "<group>"; };
		575644E828663F43002D801C /* Assets.xcassets */ = {isa = PBXFileReference; lastKnownFileType = folder.assetcatalog; path = Assets.xcassets; sourceTree = "<group>"; };
		575644EB28663F43002D801C /* Base */ = {isa = PBXFileReference; lastKnownFileType = file.storyboard; name = Base; path = Base.lproj/LaunchScreen.storyboard; sourceTree = "<group>"; };
		575644ED28663F43002D801C /* Info.plist */ = {isa = PBXFileReference; lastKnownFileType = text.plist.xml; path = Info.plist; sourceTree = "<group>"; };
		575644F4286714BF002D801C /* PlaylistViewController.swift */ = {isa = PBXFileReference; lastKnownFileType = sourcecode.swift; path = PlaylistViewController.swift; sourceTree = "<group>"; };
		575644F92867152B002D801C /* PlayerView.swift */ = {isa = PBXFileReference; lastKnownFileType = sourcecode.swift; path = PlayerView.swift; sourceTree = "<group>"; };
		575644FB28671552002D801C /* SongItemView.swift */ = {isa = PBXFileReference; lastKnownFileType = sourcecode.swift; path = SongItemView.swift; sourceTree = "<group>"; };
		575644FD28671561002D801C /* Song.swift */ = {isa = PBXFileReference; lastKnownFileType = sourcecode.swift; path = Song.swift; sourceTree = "<group>"; };
		575644FF28671578002D801C /* PlayerViewController.swift */ = {isa = PBXFileReference; lastKnownFileType = sourcecode.swift; path = PlayerViewController.swift; sourceTree = "<group>"; };
		575645012867171D002D801C /* MyPlayground.playground */ = {isa = PBXFileReference; lastKnownFileType = file.playground; path = MyPlayground.playground; sourceTree = "<group>"; xcLanguageSpecificationIdentifier = xcode.lang.swift; };
		5756450228672811002D801C /* AppConstants.swift */ = {isa = PBXFileReference; lastKnownFileType = sourcecode.swift; path = AppConstants.swift; sourceTree = "<group>"; };
		57564505286729E9002D801C /* UIViewExtension.swift */ = {isa = PBXFileReference; lastKnownFileType = sourcecode.swift; path = UIViewExtension.swift; sourceTree = "<group>"; };
		57564507286733B6002D801C /* PlayingNowView.swift */ = {isa = PBXFileReference; lastKnownFileType = sourcecode.swift; path = PlayingNowView.swift; sourceTree = "<group>"; };
		575A0D08286790E70027DA99 /* SongScrollView.swift */ = {isa = PBXFileReference; lastKnownFileType = sourcecode.swift; path = SongScrollView.swift; sourceTree = "<group>"; };
		575ABEC5286F7110005310B6 /* Storage.swift */ = {isa = PBXFileReference; lastKnownFileType = sourcecode.swift; path = Storage.swift; sourceTree = "<group>"; };
		575ABEC7287068EE005310B6 /* PlaylistView.swift */ = {isa = PBXFileReference; lastKnownFileType = sourcecode.swift; path = PlaylistView.swift; sourceTree = "<group>"; };
		57C98525286A3A4D00162B81 /* AVFoundation.framework */ = {isa = PBXFileReference; lastKnownFileType = wrapper.framework; name = AVFoundation.framework; path = System/Library/Frameworks/AVFoundation.framework; sourceTree = SDKROOT; };
		57F1FE792869D58F005A2986 /* ismael-olaf-back-to-you.mp3 */ = {isa = PBXFileReference; lastKnownFileType = audio.mp3; name = "ismael-olaf-back-to-you.mp3"; path = "../../../../../../../../Downloads/ismael-olaf-back-to-you.mp3"; sourceTree = "<group>"; };
		57F1FE7A2869D58F005A2986 /* doja-cat-vegas.mp3 */ = {isa = PBXFileReference; lastKnownFileType = audio.mp3; name = "doja-cat-vegas.mp3"; path = "../../../../../../../../Downloads/doja-cat-vegas.mp3"; sourceTree = "<group>"; };
		57F1FE7B2869D58F005A2986 /* sam-smith-love-me-more.mp3 */ = {isa = PBXFileReference; lastKnownFileType = audio.mp3; name = "sam-smith-love-me-more.mp3"; path = "../../../../../../../../Downloads/sam-smith-love-me-more.mp3"; sourceTree = "<group>"; };
		57F1FE7C2869D58F005A2986 /* tom_odell_-_another_love.mp3 */ = {isa = PBXFileReference; lastKnownFileType = audio.mp3; name = "tom_odell_-_another_love.mp3"; path = "../../../../../../../../Downloads/tom_odell_-_another_love.mp3"; sourceTree = "<group>"; };
		57F1FE7D2869D58F005A2986 /* boywithuke-understand.mp3 */ = {isa = PBXFileReference; lastKnownFileType = audio.mp3; name = "boywithuke-understand.mp3"; path = "../../../../../../../../Downloads/boywithuke-understand.mp3"; sourceTree = "<group>"; };
		57F1FE7E2869D58F005A2986 /* goko-ldwbitc.mp3 */ = {isa = PBXFileReference; lastKnownFileType = audio.mp3; name = "goko-ldwbitc.mp3"; path = "../../../../../../../../Downloads/goko-ldwbitc.mp3"; sourceTree = "<group>"; };
		57F1FE7F2869D58F005A2986 /* dani-corbalan-check-the-clock.mp3 */ = {isa = PBXFileReference; lastKnownFileType = audio.mp3; name = "dani-corbalan-check-the-clock.mp3"; path = "../../../../../../../../Downloads/dani-corbalan-check-the-clock.mp3"; sourceTree = "<group>"; };
		57F1FE802869D58F005A2986 /* dr_-alban-feat_-whitney-peyton-change-i-have-a-dream.mp3 */ = {isa = PBXFileReference; lastKnownFileType = audio.mp3; name = "dr_-alban-feat_-whitney-peyton-change-i-have-a-dream.mp3"; path = "../../../../../../../../Downloads/dr_-alban-feat_-whitney-peyton-change-i-have-a-dream.mp3"; sourceTree = "<group>"; };
		57F1FE812869D58F005A2986 /* goya-menor-feat_-nektunez-ameno-amapiano-you-wanna-bamba-david-guetta-remix.mp3 */ = {isa = PBXFileReference; lastKnownFileType = audio.mp3; name = "goya-menor-feat_-nektunez-ameno-amapiano-you-wanna-bamba-david-guetta-remix.mp3"; path = "../../../../../../../../Downloads/goya-menor-feat_-nektunez-ameno-amapiano-you-wanna-bamba-david-guetta-remix.mp3"; sourceTree = "<group>"; };
		57F1FE822869D58F005A2986 /* tiesto-feat_-deorro-savage.mp3 */ = {isa = PBXFileReference; lastKnownFileType = audio.mp3; name = "tiesto-feat_-deorro-savage.mp3"; path = "../../../../../../../../Downloads/tiesto-feat_-deorro-savage.mp3"; sourceTree = "<group>"; };
		57F1FE832869D58F005A2986 /* maneskin-supermodel.mp3 */ = {isa = PBXFileReference; lastKnownFileType = audio.mp3; name = "maneskin-supermodel.mp3"; path = "../../../../../../../../Downloads/maneskin-supermodel.mp3"; sourceTree = "<group>"; };
		57F1FE842869D58F005A2986 /* d3ma-feat_-thatsimo-timmy-commerford-infinity.mp3 */ = {isa = PBXFileReference; lastKnownFileType = audio.mp3; name = "d3ma-feat_-thatsimo-timmy-commerford-infinity.mp3"; path = "../../../../../../../../Downloads/d3ma-feat_-thatsimo-timmy-commerford-infinity.mp3"; sourceTree = "<group>"; };
		57F1FE852869D58F005A2986 /* jack-harlow-dua-lipa.mp3 */ = {isa = PBXFileReference; lastKnownFileType = audio.mp3; name = "jack-harlow-dua-lipa.mp3"; path = "../../../../../../../../Downloads/jack-harlow-dua-lipa.mp3"; sourceTree = "<group>"; };
		57F1FE862869D58F005A2986 /* oliver-tree-i-hate-you.mp3 */ = {isa = PBXFileReference; lastKnownFileType = audio.mp3; name = "oliver-tree-i-hate-you.mp3"; path = "../../../../../../../../Downloads/oliver-tree-i-hate-you.mp3"; sourceTree = "<group>"; };
		57F1FE872869D58F005A2986 /* onerepublic-i-aint-worried.mp3 */ = {isa = PBXFileReference; lastKnownFileType = audio.mp3; name = "onerepublic-i-aint-worried.mp3"; path = "../../../../../../../../Downloads/onerepublic-i-aint-worried.mp3"; sourceTree = "<group>"; };
		57F1FE882869D58F005A2986 /* juno-feat_-mira-toata-noaptea.mp3 */ = {isa = PBXFileReference; lastKnownFileType = audio.mp3; name = "juno-feat_-mira-toata-noaptea.mp3"; path = "../../../../../../../../Downloads/juno-feat_-mira-toata-noaptea.mp3"; sourceTree = "<group>"; };
		57F1FE9A2869D5E2005A2986 /* rihanna-diamonds(mp3bit.cc).mp3 */ = {isa = PBXFileReference; lastKnownFileType = audio.mp3; name = "rihanna-diamonds(mp3bit.cc).mp3"; path = "../../../../../../../../Downloads/rihanna-diamonds(mp3bit.cc).mp3"; sourceTree = "<group>"; };
		57F1FE9B2869D5E2005A2986 /* only-love-can-hurt-like-this-paloma-faith(mp3bit.cc).mp3 */ = {isa = PBXFileReference; lastKnownFileType = audio.mp3; name = "only-love-can-hurt-like-this-paloma-faith(mp3bit.cc).mp3"; path = "../../../../../../../../Downloads/only-love-can-hurt-like-this-paloma-faith(mp3bit.cc).mp3"; sourceTree = "<group>"; };
		57F1FE9F2869D670005A2986 /* the-weeknd-call-out-my-name(mp3bit.cc).mp3 */ = {isa = PBXFileReference; lastKnownFileType = audio.mp3; name = "the-weeknd-call-out-my-name(mp3bit.cc).mp3"; path = "../../../../../../../../Downloads/the-weeknd-call-out-my-name(mp3bit.cc).mp3"; sourceTree = "<group>"; };
		57F1FEA12869D670005A2986 /* BTS - Moon.mp3 */ = {isa = PBXFileReference; lastKnownFileType = audio.mp3; name = "BTS - Moon.mp3"; path = "../../../../../../../../Downloads/BTS - Moon.mp3"; sourceTree = "<group>"; };
		57F1FEA52869D6AF005A2986 /* imagine-dragons-bones.mp3 */ = {isa = PBXFileReference; lastKnownFileType = audio.mp3; name = "imagine-dragons-bones.mp3"; path = "../../../../../../../../Downloads/imagine-dragons-bones.mp3"; sourceTree = "<group>"; };
		57F1FEA62869D6AF005A2986 /* Farruko - Pepas.mp3 */ = {isa = PBXFileReference; lastKnownFileType = audio.mp3; name = "Farruko - Pepas.mp3"; path = "../../../../../../../../Downloads/Farruko - Pepas.mp3"; sourceTree = "<group>"; };
		57F1FEA72869D6AF005A2986 /* Black Eyed Peas, Shakira, David Guetta - Don't You Worry_[mp3mob.net].mp3 */ = {isa = PBXFileReference; lastKnownFileType = audio.mp3; name = "Black Eyed Peas, Shakira, David Guetta - Don't You Worry_[mp3mob.net].mp3"; path = "../../../../../../../../Downloads/Black Eyed Peas, Shakira, David Guetta - Don't You Worry_[mp3mob.net].mp3"; sourceTree = "<group>"; };
		57F1FEAB2869D6CD005A2986 /* Elley Duhé - MIDDLE OF THE NIGHT.mp3 */ = {isa = PBXFileReference; lastKnownFileType = audio.mp3; name = "Elley Duhé - MIDDLE OF THE NIGHT.mp3"; path = "../../../../../../../../Downloads/Elley Duhé - MIDDLE OF THE NIGHT.mp3"; sourceTree = "<group>"; };
		57F1FEAC2869D6CD005A2986 /* Beyoncé - Break My Soul.mp3 */ = {isa = PBXFileReference; lastKnownFileType = audio.mp3; name = "Beyoncé - Break My Soul.mp3"; path = "../../../../../../../../Downloads/Beyoncé - Break My Soul.mp3"; sourceTree = "<group>"; };
		57F1FEAD2869D6CD005A2986 /* James Hype, Miggy Dela Rosa - Ferrari.mp3 */ = {isa = PBXFileReference; lastKnownFileType = audio.mp3; name = "James Hype, Miggy Dela Rosa - Ferrari.mp3"; path = "../../../../../../../../Downloads/James Hype, Miggy Dela Rosa - Ferrari.mp3"; sourceTree = "<group>"; };
		57F1FEB12869D6E9005A2986 /* lady-gaga-hold-my-hand.mp3 */ = {isa = PBXFileReference; lastKnownFileType = audio.mp3; name = "lady-gaga-hold-my-hand.mp3"; path = "../../../../../../../../Downloads/lady-gaga-hold-my-hand.mp3"; sourceTree = "<group>"; };
		57F1FEB42869D6E9005A2986 /* lizzo-about-damn-time.mp3 */ = {isa = PBXFileReference; lastKnownFileType = audio.mp3; name = "lizzo-about-damn-time.mp3"; path = "../../../../../../../../Downloads/lizzo-about-damn-time.mp3"; sourceTree = "<group>"; };
		57F1FEB92869D70D005A2986 /* misty_-_desert_rose_muzati.net.mp3 */ = {isa = PBXFileReference; lastKnownFileType = audio.mp3; name = "misty_-_desert_rose_muzati.net.mp3"; path = "../../../../../../../../Downloads/misty_-_desert_rose_muzati.net.mp3"; sourceTree = "<group>"; };
		57F1FEBA2869D70D005A2986 /* hiti_2022_-_imanbek__byor_-_belly_dancer_(z2.fm).mp3 */ = {isa = PBXFileReference; lastKnownFileType = audio.mp3; name = "hiti_2022_-_imanbek__byor_-_belly_dancer_(z2.fm).mp3"; path = "../../../../../../../../Downloads/hiti_2022_-_imanbek__byor_-_belly_dancer_(z2.fm).mp3"; sourceTree = "<group>"; };
		57F1FEBB2869D70D005A2986 /* melisa_-_im_alone_(feat._tommo)_muzati.net.mp3 */ = {isa = PBXFileReference; lastKnownFileType = audio.mp3; name = "melisa_-_im_alone_(feat._tommo)_muzati.net.mp3"; path = "../../../../../../../../Downloads/melisa_-_im_alone_(feat._tommo)_muzati.net.mp3"; sourceTree = "<group>"; };
		57F1FEBC2869D70D005A2986 /* inna_-_cola_song_(feat._j_balvin)_muzati.net.mp3 */ = {isa = PBXFileReference; lastKnownFileType = audio.mp3; name = "inna_-_cola_song_(feat._j_balvin)_muzati.net.mp3"; path = "../../../../../../../../Downloads/inna_-_cola_song_(feat._j_balvin)_muzati.net.mp3"; sourceTree = "<group>"; };
		57F1FEBD2869D70D005A2986 /* mike_posner_-_i_took_a_pill_in_ibiza_(seeb_remix)_muzati.net.mp3 */ = {isa = PBXFileReference; lastKnownFileType = audio.mp3; name = "mike_posner_-_i_took_a_pill_in_ibiza_(seeb_remix)_muzati.net.mp3"; path = "../../../../../../../../Downloads/mike_posner_-_i_took_a_pill_in_ibiza_(seeb_remix)_muzati.net.mp3"; sourceTree = "<group>"; };
		57F1FEBE2869D70D005A2986 /* purple_disco_machine_-_in_the_dark_(feat._sophie_and_the_giants)_muzati.net.mp3 */ = {isa = PBXFileReference; lastKnownFileType = audio.mp3; name = "purple_disco_machine_-_in_the_dark_(feat._sophie_and_the_giants)_muzati.net.mp3"; path = "../../../../../../../../Downloads/purple_disco_machine_-_in_the_dark_(feat._sophie_and_the_giants)_muzati.net.mp3"; sourceTree = "<group>"; };
		57F1FEBF2869D70D005A2986 /* silent_circle_-_touch_in_the_night_(crash_version)_muzati.net.mp3 */ = {isa = PBXFileReference; lastKnownFileType = audio.mp3; name = "silent_circle_-_touch_in_the_night_(crash_version)_muzati.net.mp3"; path = "../../../../../../../../Downloads/silent_circle_-_touch_in_the_night_(crash_version)_muzati.net.mp3"; sourceTree = "<group>"; };
		57F1FEC02869D70D005A2986 /* Harry Styles - As It Was.mp3 */ = {isa = PBXFileReference; lastKnownFileType = audio.mp3; name = "Harry Styles - As It Was.mp3"; path = "../../../../../../../../Downloads/Harry Styles - As It Was.mp3"; sourceTree = "<group>"; };
		57F1FEC92869FA42005A2986 /* AudioPlayer.swift */ = {isa = PBXFileReference; lastKnownFileType = sourcecode.swift; path = AudioPlayer.swift; sourceTree = "<group>"; };
/* End PBXFileReference section */

/* Begin PBXFrameworksBuildPhase section */
		575644D928663F41002D801C /* Frameworks */ = {
			isa = PBXFrameworksBuildPhase;
			buildActionMask = 2147483647;
			files = (
			);
			runOnlyForDeploymentPostprocessing = 0;
		};
/* End PBXFrameworksBuildPhase section */

/* Begin PBXGroup section */
		575644D328663F41002D801C = {
			isa = PBXGroup;
			children = (
				575644DE28663F41002D801C /* 06 Audio Player */,
				575644DD28663F41002D801C /* Products */,
				57C98524286A3A4C00162B81 /* Frameworks */,
			);
			sourceTree = "<group>";
		};
		575644DD28663F41002D801C /* Products */ = {
			isa = PBXGroup;
			children = (
				575644DC28663F41002D801C /* 06 Audio Player.app */,
			);
			name = Products;
			sourceTree = "<group>";
		};
		575644DE28663F41002D801C /* 06 Audio Player */ = {
			isa = PBXGroup;
			children = (
				575644DF28663F41002D801C /* AppDelegate.swift */,
				575644E128663F41002D801C /* SceneDelegate.swift */,
				575644F8286714F0002D801C /* ViewControllers */,
				575644F7286714E8002D801C /* Models */,
				575644F6286714E0002D801C /* Views */,
				57564504286729CF002D801C /* Extensions */,
				575644E828663F43002D801C /* Assets.xcassets */,
				575644EA28663F43002D801C /* LaunchScreen.storyboard */,
				575645012867171D002D801C /* MyPlayground.playground */,
				575644ED28663F43002D801C /* Info.plist */,
				57F1FEC02869D70D005A2986 /* Harry Styles - As It Was.mp3 */,
				57F1FEBA2869D70D005A2986 /* hiti_2022_-_imanbek__byor_-_belly_dancer_(z2.fm).mp3 */,
				57F1FEBC2869D70D005A2986 /* inna_-_cola_song_(feat._j_balvin)_muzati.net.mp3 */,
				57F1FEBB2869D70D005A2986 /* melisa_-_im_alone_(feat._tommo)_muzati.net.mp3 */,
				57F1FEBD2869D70D005A2986 /* mike_posner_-_i_took_a_pill_in_ibiza_(seeb_remix)_muzati.net.mp3 */,
				57F1FEB92869D70D005A2986 /* misty_-_desert_rose_muzati.net.mp3 */,
				57F1FEBE2869D70D005A2986 /* purple_disco_machine_-_in_the_dark_(feat._sophie_and_the_giants)_muzati.net.mp3 */,
				57F1FEBF2869D70D005A2986 /* silent_circle_-_touch_in_the_night_(crash_version)_muzati.net.mp3 */,
				57F1FEB12869D6E9005A2986 /* lady-gaga-hold-my-hand.mp3 */,
				57F1FEB42869D6E9005A2986 /* lizzo-about-damn-time.mp3 */,
				57F1FEAC2869D6CD005A2986 /* Beyoncé - Break My Soul.mp3 */,
				57F1FEAB2869D6CD005A2986 /* Elley Duhé - MIDDLE OF THE NIGHT.mp3 */,
				57F1FEAD2869D6CD005A2986 /* James Hype, Miggy Dela Rosa - Ferrari.mp3 */,
				57F1FEA72869D6AF005A2986 /* Black Eyed Peas, Shakira, David Guetta - Don't You Worry_[mp3mob.net].mp3 */,
				57F1FEA62869D6AF005A2986 /* Farruko - Pepas.mp3 */,
				57F1FEA52869D6AF005A2986 /* imagine-dragons-bones.mp3 */,
				57F1FEA12869D670005A2986 /* BTS - Moon.mp3 */,
				57F1FE9F2869D670005A2986 /* the-weeknd-call-out-my-name(mp3bit.cc).mp3 */,
				57F1FE9B2869D5E2005A2986 /* only-love-can-hurt-like-this-paloma-faith(mp3bit.cc).mp3 */,
				57F1FE9A2869D5E2005A2986 /* rihanna-diamonds(mp3bit.cc).mp3 */,
				57F1FE7D2869D58F005A2986 /* boywithuke-understand.mp3 */,
				57F1FE842869D58F005A2986 /* d3ma-feat_-thatsimo-timmy-commerford-infinity.mp3 */,
				57F1FE7F2869D58F005A2986 /* dani-corbalan-check-the-clock.mp3 */,
				57F1FE7A2869D58F005A2986 /* doja-cat-vegas.mp3 */,
				57F1FE802869D58F005A2986 /* dr_-alban-feat_-whitney-peyton-change-i-have-a-dream.mp3 */,
				57F1FE7E2869D58F005A2986 /* goko-ldwbitc.mp3 */,
				57F1FE812869D58F005A2986 /* goya-menor-feat_-nektunez-ameno-amapiano-you-wanna-bamba-david-guetta-remix.mp3 */,
				57F1FE792869D58F005A2986 /* ismael-olaf-back-to-you.mp3 */,
				57F1FE852869D58F005A2986 /* jack-harlow-dua-lipa.mp3 */,
				57F1FE882869D58F005A2986 /* juno-feat_-mira-toata-noaptea.mp3 */,
				57F1FE832869D58F005A2986 /* maneskin-supermodel.mp3 */,
				57F1FE862869D58F005A2986 /* oliver-tree-i-hate-you.mp3 */,
				57F1FE872869D58F005A2986 /* onerepublic-i-aint-worried.mp3 */,
				57F1FE7B2869D58F005A2986 /* sam-smith-love-me-more.mp3 */,
				57F1FE822869D58F005A2986 /* tiesto-feat_-deorro-savage.mp3 */,
				57F1FE7C2869D58F005A2986 /* tom_odell_-_another_love.mp3 */,
			);
			path = "06 Audio Player";
			sourceTree = "<group>";
		};
		575644F6286714E0002D801C /* Views */ = {
			isa = PBXGroup;
			children = (
				575A0D0A286838CA0027DA99 /* Playlist */,
				57F1FE45286878BB005A2986 /* Player */,
			);
			path = Views;
			sourceTree = "<group>";
		};
		575644F7286714E8002D801C /* Models */ = {
			isa = PBXGroup;
			children = (
				575644FD28671561002D801C /* Song.swift */,
				575ABEC5286F7110005310B6 /* Storage.swift */,
				57F1FEC92869FA42005A2986 /* AudioPlayer.swift */,
				5756450228672811002D801C /* AppConstants.swift */,
			);
			path = Models;
			sourceTree = "<group>";
		};
		575644F8286714F0002D801C /* ViewControllers */ = {
			isa = PBXGroup;
			children = (
				575644F4286714BF002D801C /* PlaylistViewController.swift */,
				575644FF28671578002D801C /* PlayerViewController.swift */,
			);
			path = ViewControllers;
			sourceTree = "<group>";
		};
		57564504286729CF002D801C /* Extensions */ = {
			isa = PBXGroup;
			children = (
				57564505286729E9002D801C /* UIViewExtension.swift */,
			);
			path = Extensions;
			sourceTree = "<group>";
		};
		575A0D0A286838CA0027DA99 /* Playlist */ = {
			isa = PBXGroup;
			children = (
				575ABEC7287068EE005310B6 /* PlaylistView.swift */,
				575ABEC928707006005310B6 /* Views */,
			);
			path = Playlist;
			sourceTree = "<group>";
		};
		575ABEC928707006005310B6 /* Views */ = {
			isa = PBXGroup;
			children = (
				575A0D08286790E70027DA99 /* SongScrollView.swift */,
				575644FB28671552002D801C /* SongItemView.swift */,
				57564507286733B6002D801C /* PlayingNowView.swift */,
			);
			path = Views;
			sourceTree = "<group>";
		};
		57C98524286A3A4C00162B81 /* Frameworks */ = {
			isa = PBXGroup;
			children = (
				57C98525286A3A4D00162B81 /* AVFoundation.framework */,
			);
			name = Frameworks;
			sourceTree = "<group>";
		};
		57F1FE45286878BB005A2986 /* Player */ = {
			isa = PBXGroup;
			children = (
				575644F92867152B002D801C /* PlayerView.swift */,
			);
			path = Player;
			sourceTree = "<group>";
		};
/* End PBXGroup section */

/* Begin PBXNativeTarget section */
		575644DB28663F41002D801C /* 06 Audio Player */ = {
			isa = PBXNativeTarget;
			buildConfigurationList = 575644F028663F43002D801C /* Build configuration list for PBXNativeTarget "06 Audio Player" */;
			buildPhases = (
				575644F328663F78002D801C /* ShellScript */,
				575644D828663F41002D801C /* Sources */,
				575644D928663F41002D801C /* Frameworks */,
				575644DA28663F41002D801C /* Resources */,
			);
			buildRules = (
			);
			dependencies = (
			);
			name = "06 Audio Player";
			productName = "06 Audio Player";
			productReference = 575644DC28663F41002D801C /* 06 Audio Player.app */;
			productType = "com.apple.product-type.application";
		};
/* End PBXNativeTarget section */

/* Begin PBXProject section */
		575644D428663F41002D801C /* Project object */ = {
			isa = PBXProject;
			attributes = {
				BuildIndependentTargetsInParallel = 1;
				LastSwiftUpdateCheck = 1340;
				LastUpgradeCheck = 1340;
				TargetAttributes = {
					575644DB28663F41002D801C = {
						CreatedOnToolsVersion = 13.4;
					};
				};
			};
			buildConfigurationList = 575644D728663F41002D801C /* Build configuration list for PBXProject "06 Audio Player" */;
			compatibilityVersion = "Xcode 13.0";
			developmentRegion = en;
			hasScannedForEncodings = 0;
			knownRegions = (
				en,
				Base,
			);
			mainGroup = 575644D328663F41002D801C;
			productRefGroup = 575644DD28663F41002D801C /* Products */;
			projectDirPath = "";
			projectRoot = "";
			targets = (
				575644DB28663F41002D801C /* 06 Audio Player */,
			);
		};
/* End PBXProject section */

/* Begin PBXResourcesBuildPhase section */
		575644DA28663F41002D801C /* Resources */ = {
			isa = PBXResourcesBuildPhase;
			buildActionMask = 2147483647;
			files = (
				57F1FEB82869D6E9005A2986 /* lizzo-about-damn-time.mp3 in Resources */,
				57F1FE912869D58F005A2986 /* goya-menor-feat_-nektunez-ameno-amapiano-you-wanna-bamba-david-guetta-remix.mp3 in Resources */,
				57F1FE892869D58F005A2986 /* ismael-olaf-back-to-you.mp3 in Resources */,
				57F1FE8B2869D58F005A2986 /* sam-smith-love-me-more.mp3 in Resources */,
				57F1FE932869D58F005A2986 /* maneskin-supermodel.mp3 in Resources */,
				57F1FEC12869D70D005A2986 /* misty_-_desert_rose_muzati.net.mp3 in Resources */,
				57F1FE982869D58F005A2986 /* juno-feat_-mira-toata-noaptea.mp3 in Resources */,
				57F1FEB02869D6CD005A2986 /* James Hype, Miggy Dela Rosa - Ferrari.mp3 in Resources */,
				57F1FEC72869D70D005A2986 /* silent_circle_-_touch_in_the_night_(crash_version)_muzati.net.mp3 in Resources */,
				57F1FE952869D58F005A2986 /* jack-harlow-dua-lipa.mp3 in Resources */,
				57F1FE962869D58F005A2986 /* oliver-tree-i-hate-you.mp3 in Resources */,
				57F1FE8C2869D58F005A2986 /* tom_odell_-_another_love.mp3 in Resources */,
				57F1FE922869D58F005A2986 /* tiesto-feat_-deorro-savage.mp3 in Resources */,
				57F1FEC82869D70D005A2986 /* Harry Styles - As It Was.mp3 in Resources */,
				57F1FE9D2869D5E2005A2986 /* rihanna-diamonds(mp3bit.cc).mp3 in Resources */,
				57F1FEC22869D70D005A2986 /* hiti_2022_-_imanbek__byor_-_belly_dancer_(z2.fm).mp3 in Resources */,
				57F1FE8D2869D58F005A2986 /* boywithuke-understand.mp3 in Resources */,
				57F1FEA42869D671005A2986 /* BTS - Moon.mp3 in Resources */,
				57F1FEAF2869D6CD005A2986 /* Beyoncé - Break My Soul.mp3 in Resources */,
				57F1FEC32869D70D005A2986 /* melisa_-_im_alone_(feat._tommo)_muzati.net.mp3 in Resources */,
				57F1FE942869D58F005A2986 /* d3ma-feat_-thatsimo-timmy-commerford-infinity.mp3 in Resources */,
				57F1FE8E2869D58F005A2986 /* goko-ldwbitc.mp3 in Resources */,
				57F1FE9E2869D5E2005A2986 /* only-love-can-hurt-like-this-paloma-faith(mp3bit.cc).mp3 in Resources */,
				575644EC28663F43002D801C /* LaunchScreen.storyboard in Resources */,
				57F1FEC52869D70D005A2986 /* mike_posner_-_i_took_a_pill_in_ibiza_(seeb_remix)_muzati.net.mp3 in Resources */,
				57F1FEC62869D70D005A2986 /* purple_disco_machine_-_in_the_dark_(feat._sophie_and_the_giants)_muzati.net.mp3 in Resources */,
				57F1FEC42869D70D005A2986 /* inna_-_cola_song_(feat._j_balvin)_muzati.net.mp3 in Resources */,
				57F1FE8A2869D58F005A2986 /* doja-cat-vegas.mp3 in Resources */,
				57F1FEA92869D6AF005A2986 /* Farruko - Pepas.mp3 in Resources */,
				57F1FEB52869D6E9005A2986 /* lady-gaga-hold-my-hand.mp3 in Resources */,
				57F1FEAA2869D6AF005A2986 /* Black Eyed Peas, Shakira, David Guetta - Don't You Worry_[mp3mob.net].mp3 in Resources */,
				57F1FE8F2869D58F005A2986 /* dani-corbalan-check-the-clock.mp3 in Resources */,
				575644E928663F43002D801C /* Assets.xcassets in Resources */,
				57F1FE902869D58F005A2986 /* dr_-alban-feat_-whitney-peyton-change-i-have-a-dream.mp3 in Resources */,
				57F1FEA22869D671005A2986 /* the-weeknd-call-out-my-name(mp3bit.cc).mp3 in Resources */,
				57F1FE972869D58F005A2986 /* onerepublic-i-aint-worried.mp3 in Resources */,
				57F1FEA82869D6AF005A2986 /* imagine-dragons-bones.mp3 in Resources */,
				57F1FEAE2869D6CD005A2986 /* Elley Duhé - MIDDLE OF THE NIGHT.mp3 in Resources */,
			);
			runOnlyForDeploymentPostprocessing = 0;
		};
/* End PBXResourcesBuildPhase section */

/* Begin PBXShellScriptBuildPhase section */
		575644F328663F78002D801C /* ShellScript */ = {
			isa = PBXShellScriptBuildPhase;
			buildActionMask = 2147483647;
			files = (
			);
			inputFileListPaths = (
			);
			inputPaths = (
			);
			outputFileListPaths = (
			);
			outputPaths = (
			);
			runOnlyForDeploymentPostprocessing = 0;
			shellPath = /bin/sh;
			shellScript = "export PATH=\"$PATH:/opt/homebrew/bin\"\nif which swiftlint > /dev/null; then\n  swiftlint\nelse\n  echo \"warning: SwiftLint not installed, download from https://github.com/realm/SwiftLint\"\nfi\n";
		};
/* End PBXShellScriptBuildPhase section */

/* Begin PBXSourcesBuildPhase section */
		575644D828663F41002D801C /* Sources */ = {
			isa = PBXSourcesBuildPhase;
			buildActionMask = 2147483647;
			files = (
				575644FE28671561002D801C /* Song.swift in Sources */,
				57564508286733B6002D801C /* PlayingNowView.swift in Sources */,
				575644E028663F41002D801C /* AppDelegate.swift in Sources */,
				575644E228663F41002D801C /* SceneDelegate.swift in Sources */,
				5756450328672811002D801C /* AppConstants.swift in Sources */,
				5756450028671578002D801C /* PlayerViewController.swift in Sources */,
				575644F5286714BF002D801C /* PlaylistViewController.swift in Sources */,
				57564506286729E9002D801C /* UIViewExtension.swift in Sources */,
				575ABEC8287068EE005310B6 /* PlaylistView.swift in Sources */,
				575A0D09286790E70027DA99 /* SongScrollView.swift in Sources */,
				575644FA2867152B002D801C /* PlayerView.swift in Sources */,
				575644FC28671552002D801C /* SongItemView.swift in Sources */,
				57F1FECA2869FA42005A2986 /* AudioPlayer.swift in Sources */,
				575ABEC6286F7110005310B6 /* Storage.swift in Sources */,
			);
			runOnlyForDeploymentPostprocessing = 0;
		};
/* End PBXSourcesBuildPhase section */

/* Begin PBXVariantGroup section */
		575644EA28663F43002D801C /* LaunchScreen.storyboard */ = {
			isa = PBXVariantGroup;
			children = (
				575644EB28663F43002D801C /* Base */,
			);
			name = LaunchScreen.storyboard;
			sourceTree = "<group>";
		};
/* End PBXVariantGroup section */

/* Begin XCBuildConfiguration section */
		575644EE28663F43002D801C /* Debug */ = {
			isa = XCBuildConfiguration;
			buildSettings = {
				ALWAYS_SEARCH_USER_PATHS = NO;
				CLANG_ANALYZER_NONNULL = YES;
				CLANG_ANALYZER_NUMBER_OBJECT_CONVERSION = YES_AGGRESSIVE;
				CLANG_CXX_LANGUAGE_STANDARD = "gnu++17";
				CLANG_ENABLE_MODULES = YES;
				CLANG_ENABLE_OBJC_ARC = YES;
				CLANG_ENABLE_OBJC_WEAK = YES;
				CLANG_WARN_BLOCK_CAPTURE_AUTORELEASING = YES;
				CLANG_WARN_BOOL_CONVERSION = YES;
				CLANG_WARN_COMMA = YES;
				CLANG_WARN_CONSTANT_CONVERSION = YES;
				CLANG_WARN_DEPRECATED_OBJC_IMPLEMENTATIONS = YES;
				CLANG_WARN_DIRECT_OBJC_ISA_USAGE = YES_ERROR;
				CLANG_WARN_DOCUMENTATION_COMMENTS = YES;
				CLANG_WARN_EMPTY_BODY = YES;
				CLANG_WARN_ENUM_CONVERSION = YES;
				CLANG_WARN_INFINITE_RECURSION = YES;
				CLANG_WARN_INT_CONVERSION = YES;
				CLANG_WARN_NON_LITERAL_NULL_CONVERSION = YES;
				CLANG_WARN_OBJC_IMPLICIT_RETAIN_SELF = YES;
				CLANG_WARN_OBJC_LITERAL_CONVERSION = YES;
				CLANG_WARN_OBJC_ROOT_CLASS = YES_ERROR;
				CLANG_WARN_QUOTED_INCLUDE_IN_FRAMEWORK_HEADER = YES;
				CLANG_WARN_RANGE_LOOP_ANALYSIS = YES;
				CLANG_WARN_STRICT_PROTOTYPES = YES;
				CLANG_WARN_SUSPICIOUS_MOVE = YES;
				CLANG_WARN_UNGUARDED_AVAILABILITY = YES_AGGRESSIVE;
				CLANG_WARN_UNREACHABLE_CODE = YES;
				CLANG_WARN__DUPLICATE_METHOD_MATCH = YES;
				COPY_PHASE_STRIP = NO;
				DEBUG_INFORMATION_FORMAT = dwarf;
				ENABLE_STRICT_OBJC_MSGSEND = YES;
				ENABLE_TESTABILITY = YES;
				GCC_C_LANGUAGE_STANDARD = gnu11;
				GCC_DYNAMIC_NO_PIC = NO;
				GCC_NO_COMMON_BLOCKS = YES;
				GCC_OPTIMIZATION_LEVEL = 0;
				GCC_PREPROCESSOR_DEFINITIONS = (
					"DEBUG=1",
					"$(inherited)",
				);
				GCC_WARN_64_TO_32_BIT_CONVERSION = YES;
				GCC_WARN_ABOUT_RETURN_TYPE = YES_ERROR;
				GCC_WARN_UNDECLARED_SELECTOR = YES;
				GCC_WARN_UNINITIALIZED_AUTOS = YES_AGGRESSIVE;
				GCC_WARN_UNUSED_FUNCTION = YES;
				GCC_WARN_UNUSED_VARIABLE = YES;
				IPHONEOS_DEPLOYMENT_TARGET = 15.5;
				MTL_ENABLE_DEBUG_INFO = INCLUDE_SOURCE;
				MTL_FAST_MATH = YES;
				ONLY_ACTIVE_ARCH = YES;
				SDKROOT = iphoneos;
				SWIFT_ACTIVE_COMPILATION_CONDITIONS = DEBUG;
				SWIFT_OPTIMIZATION_LEVEL = "-Onone";
			};
			name = Debug;
		};
		575644EF28663F43002D801C /* Release */ = {
			isa = XCBuildConfiguration;
			buildSettings = {
				ALWAYS_SEARCH_USER_PATHS = NO;
				CLANG_ANALYZER_NONNULL = YES;
				CLANG_ANALYZER_NUMBER_OBJECT_CONVERSION = YES_AGGRESSIVE;
				CLANG_CXX_LANGUAGE_STANDARD = "gnu++17";
				CLANG_ENABLE_MODULES = YES;
				CLANG_ENABLE_OBJC_ARC = YES;
				CLANG_ENABLE_OBJC_WEAK = YES;
				CLANG_WARN_BLOCK_CAPTURE_AUTORELEASING = YES;
				CLANG_WARN_BOOL_CONVERSION = YES;
				CLANG_WARN_COMMA = YES;
				CLANG_WARN_CONSTANT_CONVERSION = YES;
				CLANG_WARN_DEPRECATED_OBJC_IMPLEMENTATIONS = YES;
				CLANG_WARN_DIRECT_OBJC_ISA_USAGE = YES_ERROR;
				CLANG_WARN_DOCUMENTATION_COMMENTS = YES;
				CLANG_WARN_EMPTY_BODY = YES;
				CLANG_WARN_ENUM_CONVERSION = YES;
				CLANG_WARN_INFINITE_RECURSION = YES;
				CLANG_WARN_INT_CONVERSION = YES;
				CLANG_WARN_NON_LITERAL_NULL_CONVERSION = YES;
				CLANG_WARN_OBJC_IMPLICIT_RETAIN_SELF = YES;
				CLANG_WARN_OBJC_LITERAL_CONVERSION = YES;
				CLANG_WARN_OBJC_ROOT_CLASS = YES_ERROR;
				CLANG_WARN_QUOTED_INCLUDE_IN_FRAMEWORK_HEADER = YES;
				CLANG_WARN_RANGE_LOOP_ANALYSIS = YES;
				CLANG_WARN_STRICT_PROTOTYPES = YES;
				CLANG_WARN_SUSPICIOUS_MOVE = YES;
				CLANG_WARN_UNGUARDED_AVAILABILITY = YES_AGGRESSIVE;
				CLANG_WARN_UNREACHABLE_CODE = YES;
				CLANG_WARN__DUPLICATE_METHOD_MATCH = YES;
				COPY_PHASE_STRIP = NO;
				DEBUG_INFORMATION_FORMAT = "dwarf-with-dsym";
				ENABLE_NS_ASSERTIONS = NO;
				ENABLE_STRICT_OBJC_MSGSEND = YES;
				GCC_C_LANGUAGE_STANDARD = gnu11;
				GCC_NO_COMMON_BLOCKS = YES;
				GCC_WARN_64_TO_32_BIT_CONVERSION = YES;
				GCC_WARN_ABOUT_RETURN_TYPE = YES_ERROR;
				GCC_WARN_UNDECLARED_SELECTOR = YES;
				GCC_WARN_UNINITIALIZED_AUTOS = YES_AGGRESSIVE;
				GCC_WARN_UNUSED_FUNCTION = YES;
				GCC_WARN_UNUSED_VARIABLE = YES;
				IPHONEOS_DEPLOYMENT_TARGET = 15.5;
				MTL_ENABLE_DEBUG_INFO = NO;
				MTL_FAST_MATH = YES;
				SDKROOT = iphoneos;
				SWIFT_COMPILATION_MODE = wholemodule;
				SWIFT_OPTIMIZATION_LEVEL = "-O";
				VALIDATE_PRODUCT = YES;
			};
			name = Release;
		};
		575644F128663F43002D801C /* Debug */ = {
			isa = XCBuildConfiguration;
			buildSettings = {
				ASSETCATALOG_COMPILER_APPICON_NAME = AppIcon;
				ASSETCATALOG_COMPILER_GLOBAL_ACCENT_COLOR_NAME = AccentColor;
				CODE_SIGN_STYLE = Automatic;
				CURRENT_PROJECT_VERSION = 1;
				DEVELOPMENT_TEAM = P3BYVBK57Z;
				GENERATE_INFOPLIST_FILE = YES;
				INFOPLIST_FILE = "06 Audio Player/Info.plist";
				INFOPLIST_KEY_CFBundleDisplayName = "Audio Player";
				INFOPLIST_KEY_UIApplicationSupportsIndirectInputEvents = YES;
				INFOPLIST_KEY_UILaunchStoryboardName = LaunchScreen;
				INFOPLIST_KEY_UISupportedInterfaceOrientations_iPhone = UIInterfaceOrientationPortrait;
				LD_RUNPATH_SEARCH_PATHS = (
					"$(inherited)",
					"@executable_path/Frameworks",
				);
				MARKETING_VERSION = 1.0;
				PRODUCT_BUNDLE_IDENTIFIER = "ios.biiak.-6-Audio-Player";
				PRODUCT_NAME = "$(TARGET_NAME)";
				SWIFT_EMIT_LOC_STRINGS = YES;
				SWIFT_VERSION = 5.0;
				TARGETED_DEVICE_FAMILY = 1;
			};
			name = Debug;
		};
		575644F228663F43002D801C /* Release */ = {
			isa = XCBuildConfiguration;
			buildSettings = {
				ASSETCATALOG_COMPILER_APPICON_NAME = AppIcon;
				ASSETCATALOG_COMPILER_GLOBAL_ACCENT_COLOR_NAME = AccentColor;
				CODE_SIGN_STYLE = Automatic;
				CURRENT_PROJECT_VERSION = 1;
				DEVELOPMENT_TEAM = P3BYVBK57Z;
				GENERATE_INFOPLIST_FILE = YES;
				INFOPLIST_FILE = "06 Audio Player/Info.plist";
				INFOPLIST_KEY_CFBundleDisplayName = "Audio Player";
				INFOPLIST_KEY_UIApplicationSupportsIndirectInputEvents = YES;
				INFOPLIST_KEY_UILaunchStoryboardName = LaunchScreen;
				INFOPLIST_KEY_UISupportedInterfaceOrientations_iPhone = UIInterfaceOrientationPortrait;
				LD_RUNPATH_SEARCH_PATHS = (
					"$(inherited)",
					"@executable_path/Frameworks",
				);
				MARKETING_VERSION = 1.0;
				PRODUCT_BUNDLE_IDENTIFIER = "ios.biiak.-6-Audio-Player";
				PRODUCT_NAME = "$(TARGET_NAME)";
				SWIFT_EMIT_LOC_STRINGS = YES;
				SWIFT_VERSION = 5.0;
				TARGETED_DEVICE_FAMILY = 1;
			};
			name = Release;
		};
/* End XCBuildConfiguration section */

/* Begin XCConfigurationList section */
		575644D728663F41002D801C /* Build configuration list for PBXProject "06 Audio Player" */ = {
			isa = XCConfigurationList;
			buildConfigurations = (
				575644EE28663F43002D801C /* Debug */,
				575644EF28663F43002D801C /* Release */,
			);
			defaultConfigurationIsVisible = 0;
			defaultConfigurationName = Release;
		};
		575644F028663F43002D801C /* Build configuration list for PBXNativeTarget "06 Audio Player" */ = {
			isa = XCConfigurationList;
			buildConfigurations = (
				575644F128663F43002D801C /* Debug */,
				575644F228663F43002D801C /* Release */,
			);
			defaultConfigurationIsVisible = 0;
			defaultConfigurationName = Release;
		};
/* End XCConfigurationList section */
	};
	rootObject = 575644D428663F41002D801C /* Project object */;
}
